// !$*UTF8*$!
{
	archiveVersion = 1;
	classes = {
	};
	objectVersion = 46;
	objects = {

/* Begin PBXBuildFile section */
		639CD66C859E0C7A7B1E3895 /* Pods_annoying_things.framework in Frameworks */ = {isa = PBXBuildFile; fileRef = D2538D2A8AFF18F409475346 /* Pods_annoying_things.framework */; };
		CE18001F1C01676100C4383D /* Bolts.framework in Frameworks */ = {isa = PBXBuildFile; fileRef = CE18001C1C01676100C4383D /* Bolts.framework */; settings = {ASSET_TAGS = (); }; };
		CE1800201C01676100C4383D /* FBSDKCoreKit.framework in Frameworks */ = {isa = PBXBuildFile; fileRef = CE18001D1C01676100C4383D /* FBSDKCoreKit.framework */; settings = {ASSET_TAGS = (); }; };
		CE1800211C01676100C4383D /* FBSDKLoginKit.framework in Frameworks */ = {isa = PBXBuildFile; fileRef = CE18001E1C01676100C4383D /* FBSDKLoginKit.framework */; settings = {ASSET_TAGS = (); }; };
		CE19EB7B1C0048530043B4E9 /* MaterialButton.swift in Sources */ = {isa = PBXBuildFile; fileRef = CE19EB7A1C0048530043B4E9 /* MaterialButton.swift */; settings = {ASSET_TAGS = (); }; };
		CE19EB7D1C0058410043B4E9 /* MaterialTextField.swift in Sources */ = {isa = PBXBuildFile; fileRef = CE19EB7C1C0058410043B4E9 /* MaterialTextField.swift */; settings = {ASSET_TAGS = (); }; };
		CE29A8291C0A66CE00BAE87A /* DataService.swift in Sources */ = {isa = PBXBuildFile; fileRef = CE29A8281C0A66CE00BAE87A /* DataService.swift */; settings = {ASSET_TAGS = (); }; };
		CE88D0DE1C0FF6480052DFAD /* FeedVC.swift in Sources */ = {isa = PBXBuildFile; fileRef = CE88D0DD1C0FF6480052DFAD /* FeedVC.swift */; settings = {ASSET_TAGS = (); }; };
		CE88D0E01C0FFBEB0052DFAD /* PostCell.swift in Sources */ = {isa = PBXBuildFile; fileRef = CE88D0DF1C0FFBEB0052DFAD /* PostCell.swift */; settings = {ASSET_TAGS = (); }; };
		CEC990F51BFF0DDF00DDE77F /* AppDelegate.swift in Sources */ = {isa = PBXBuildFile; fileRef = CEC990F41BFF0DDF00DDE77F /* AppDelegate.swift */; };
		CEC990F71BFF0DDF00DDE77F /* ViewController.swift in Sources */ = {isa = PBXBuildFile; fileRef = CEC990F61BFF0DDF00DDE77F /* ViewController.swift */; };
		CEC990FA1BFF0DDF00DDE77F /* Main.storyboard in Resources */ = {isa = PBXBuildFile; fileRef = CEC990F81BFF0DDF00DDE77F /* Main.storyboard */; };
		CEC990FC1BFF0DDF00DDE77F /* Assets.xcassets in Resources */ = {isa = PBXBuildFile; fileRef = CEC990FB1BFF0DDF00DDE77F /* Assets.xcassets */; };
		CEC990FF1BFF0DDF00DDE77F /* LaunchScreen.storyboard in Resources */ = {isa = PBXBuildFile; fileRef = CEC990FD1BFF0DDF00DDE77F /* LaunchScreen.storyboard */; };
		CEC9910E1BFF107100DDE77F /* NotoSans-Bold.ttf in Resources */ = {isa = PBXBuildFile; fileRef = CEC9910A1BFF107100DDE77F /* NotoSans-Bold.ttf */; settings = {ASSET_TAGS = (); }; };
		CEC9910F1BFF107100DDE77F /* NotoSans-BoldItalic.ttf in Resources */ = {isa = PBXBuildFile; fileRef = CEC9910B1BFF107100DDE77F /* NotoSans-BoldItalic.ttf */; settings = {ASSET_TAGS = (); }; };
		CEC991101BFF107100DDE77F /* NotoSans-Italic.ttf in Resources */ = {isa = PBXBuildFile; fileRef = CEC9910C1BFF107100DDE77F /* NotoSans-Italic.ttf */; settings = {ASSET_TAGS = (); }; };
		CEC991111BFF107100DDE77F /* NotoSans-Regular.ttf in Resources */ = {isa = PBXBuildFile; fileRef = CEC9910D1BFF107100DDE77F /* NotoSans-Regular.ttf */; settings = {ASSET_TAGS = (); }; };
		CEC991131BFF1ACB00DDE77F /* MaterialView.swift in Sources */ = {isa = PBXBuildFile; fileRef = CEC991121BFF1ACB00DDE77F /* MaterialView.swift */; settings = {ASSET_TAGS = (); }; };
		CEC991161BFF1B8500DDE77F /* Constants.swift in Sources */ = {isa = PBXBuildFile; fileRef = CEC991151BFF1B8500DDE77F /* Constants.swift */; settings = {ASSET_TAGS = (); }; };
		CEC9D7F01C16C1F200BAD6BD /* Post.swift in Sources */ = {isa = PBXBuildFile; fileRef = CEC9D7EF1C16C1F200BAD6BD /* Post.swift */; settings = {ASSET_TAGS = (); }; };
/* End PBXBuildFile section */

/* Begin PBXFileReference section */
		C9F6A3E240B585CBC3F0BFDB /* Pods-annoying-things.debug.xcconfig */ = {isa = PBXFileReference; includeInIndex = 1; lastKnownFileType = text.xcconfig; name = "Pods-annoying-things.debug.xcconfig"; path = "Pods/Target Support Files/Pods-annoying-things/Pods-annoying-things.debug.xcconfig"; sourceTree = "<group>"; };
		CE18001C1C01676100C4383D /* Bolts.framework */ = {isa = PBXFileReference; lastKnownFileType = wrapper.framework; path = Bolts.framework; sourceTree = "<group>"; };
		CE18001D1C01676100C4383D /* FBSDKCoreKit.framework */ = {isa = PBXFileReference; lastKnownFileType = wrapper.framework; path = FBSDKCoreKit.framework; sourceTree = "<group>"; };
		CE18001E1C01676100C4383D /* FBSDKLoginKit.framework */ = {isa = PBXFileReference; lastKnownFileType = wrapper.framework; path = FBSDKLoginKit.framework; sourceTree = "<group>"; };
		CE19EB7A1C0048530043B4E9 /* MaterialButton.swift */ = {isa = PBXFileReference; fileEncoding = 4; lastKnownFileType = sourcecode.swift; path = MaterialButton.swift; sourceTree = "<group>"; };
		CE19EB7C1C0058410043B4E9 /* MaterialTextField.swift */ = {isa = PBXFileReference; fileEncoding = 4; lastKnownFileType = sourcecode.swift; path = MaterialTextField.swift; sourceTree = "<group>"; };
		CE29A8281C0A66CE00BAE87A /* DataService.swift */ = {isa = PBXFileReference; fileEncoding = 4; lastKnownFileType = sourcecode.swift; path = DataService.swift; sourceTree = "<group>"; };
		CE88D0DD1C0FF6480052DFAD /* FeedVC.swift */ = {isa = PBXFileReference; fileEncoding = 4; lastKnownFileType = sourcecode.swift; path = FeedVC.swift; sourceTree = "<group>"; };
		CE88D0DF1C0FFBEB0052DFAD /* PostCell.swift */ = {isa = PBXFileReference; fileEncoding = 4; lastKnownFileType = sourcecode.swift; path = PostCell.swift; sourceTree = "<group>"; };
		CEC990F11BFF0DDF00DDE77F /* annoying-things.app */ = {isa = PBXFileReference; explicitFileType = wrapper.application; includeInIndex = 0; path = "annoying-things.app"; sourceTree = BUILT_PRODUCTS_DIR; };
		CEC990F41BFF0DDF00DDE77F /* AppDelegate.swift */ = {isa = PBXFileReference; lastKnownFileType = sourcecode.swift; path = AppDelegate.swift; sourceTree = "<group>"; };
		CEC990F61BFF0DDF00DDE77F /* ViewController.swift */ = {isa = PBXFileReference; lastKnownFileType = sourcecode.swift; path = ViewController.swift; sourceTree = "<group>"; };
		CEC990F91BFF0DDF00DDE77F /* Base */ = {isa = PBXFileReference; lastKnownFileType = file.storyboard; name = Base; path = Base.lproj/Main.storyboard; sourceTree = "<group>"; };
		CEC990FB1BFF0DDF00DDE77F /* Assets.xcassets */ = {isa = PBXFileReference; lastKnownFileType = folder.assetcatalog; path = Assets.xcassets; sourceTree = "<group>"; };
		CEC990FE1BFF0DDF00DDE77F /* Base */ = {isa = PBXFileReference; lastKnownFileType = file.storyboard; name = Base; path = Base.lproj/LaunchScreen.storyboard; sourceTree = "<group>"; };
		CEC991001BFF0DDF00DDE77F /* Info.plist */ = {isa = PBXFileReference; lastKnownFileType = text.plist.xml; path = Info.plist; sourceTree = "<group>"; };
		CEC9910A1BFF107100DDE77F /* NotoSans-Bold.ttf */ = {isa = PBXFileReference; lastKnownFileType = file; path = "NotoSans-Bold.ttf"; sourceTree = "<group>"; };
		CEC9910B1BFF107100DDE77F /* NotoSans-BoldItalic.ttf */ = {isa = PBXFileReference; lastKnownFileType = file; path = "NotoSans-BoldItalic.ttf"; sourceTree = "<group>"; };
		CEC9910C1BFF107100DDE77F /* NotoSans-Italic.ttf */ = {isa = PBXFileReference; lastKnownFileType = file; path = "NotoSans-Italic.ttf"; sourceTree = "<group>"; };
		CEC9910D1BFF107100DDE77F /* NotoSans-Regular.ttf */ = {isa = PBXFileReference; lastKnownFileType = file; path = "NotoSans-Regular.ttf"; sourceTree = "<group>"; };
		CEC991121BFF1ACB00DDE77F /* MaterialView.swift */ = {isa = PBXFileReference; fileEncoding = 4; lastKnownFileType = sourcecode.swift; path = MaterialView.swift; sourceTree = "<group>"; };
		CEC991151BFF1B8500DDE77F /* Constants.swift */ = {isa = PBXFileReference; fileEncoding = 4; lastKnownFileType = sourcecode.swift; path = Constants.swift; sourceTree = "<group>"; };
		CEC9D7EF1C16C1F200BAD6BD /* Post.swift */ = {isa = PBXFileReference; fileEncoding = 4; lastKnownFileType = sourcecode.swift; path = Post.swift; sourceTree = "<group>"; };
		D2538D2A8AFF18F409475346 /* Pods_annoying_things.framework */ = {isa = PBXFileReference; explicitFileType = wrapper.framework; includeInIndex = 0; path = Pods_annoying_things.framework; sourceTree = BUILT_PRODUCTS_DIR; };
		FFB984E8EAAAB38E9AE989CC /* Pods-annoying-things.release.xcconfig */ = {isa = PBXFileReference; includeInIndex = 1; lastKnownFileType = text.xcconfig; name = "Pods-annoying-things.release.xcconfig"; path = "Pods/Target Support Files/Pods-annoying-things/Pods-annoying-things.release.xcconfig"; sourceTree = "<group>"; };
/* End PBXFileReference section */

/* Begin PBXFrameworksBuildPhase section */
		CEC990EE1BFF0DDF00DDE77F /* Frameworks */ = {
			isa = PBXFrameworksBuildPhase;
			buildActionMask = 2147483647;
			files = (
				CE18001F1C01676100C4383D /* Bolts.framework in Frameworks */,
				CE1800201C01676100C4383D /* FBSDKCoreKit.framework in Frameworks */,
				CE1800211C01676100C4383D /* FBSDKLoginKit.framework in Frameworks */,
				639CD66C859E0C7A7B1E3895 /* Pods_annoying_things.framework in Frameworks */,
			);
			runOnlyForDeploymentPostprocessing = 0;
		};
/* End PBXFrameworksBuildPhase section */

/* Begin PBXGroup section */
		5E04D7FC1140CEA26A4C3057 /* Frameworks */ = {
			isa = PBXGroup;
			children = (
				D2538D2A8AFF18F409475346 /* Pods_annoying_things.framework */,
			);
			name = Frameworks;
			sourceTree = "<group>";
		};
		CE18001B1C01674800C4383D /* Frameworks */ = {
			isa = PBXGroup;
			children = (
				CE18001C1C01676100C4383D /* Bolts.framework */,
				CE18001D1C01676100C4383D /* FBSDKCoreKit.framework */,
				CE18001E1C01676100C4383D /* FBSDKLoginKit.framework */,
			);
			name = Frameworks;
			sourceTree = "<group>";
		};
		CE29A8271C0A662900BAE87A /* Services */ = {
			isa = PBXGroup;
			children = (
				CE29A8281C0A66CE00BAE87A /* DataService.swift */,
			);
			name = Services;
			sourceTree = "<group>";
		};
		CEC990E81BFF0DDF00DDE77F = {
			isa = PBXGroup;
			children = (
				CEC990F31BFF0DDF00DDE77F /* annoying-things */,
				CEC990F21BFF0DDF00DDE77F /* Products */,
				F1693F59362A1B6E7089DE26 /* Pods */,
				5E04D7FC1140CEA26A4C3057 /* Frameworks */,
			);
			sourceTree = "<group>";
		};
		CEC990F21BFF0DDF00DDE77F /* Products */ = {
			isa = PBXGroup;
			children = (
				CEC990F11BFF0DDF00DDE77F /* annoying-things.app */,
			);
			name = Products;
			sourceTree = "<group>";
		};
		CEC990F31BFF0DDF00DDE77F /* annoying-things */ = {
			isa = PBXGroup;
			children = (
				CE29A8271C0A662900BAE87A /* Services */,
				CE18001B1C01674800C4383D /* Frameworks */,
				CEC991141BFF1B6900DDE77F /* Util */,
				CEC991091BFF100E00DDE77F /* Resources */,
				CEC991081BFF0FFD00DDE77F /* Model */,
				CEC991071BFF0FEC00DDE77F /* View */,
				CEC991061BFF0FDA00DDE77F /* Controller */,
				CEC990F41BFF0DDF00DDE77F /* AppDelegate.swift */,
				CEC990F81BFF0DDF00DDE77F /* Main.storyboard */,
				CEC990FB1BFF0DDF00DDE77F /* Assets.xcassets */,
				CEC990FD1BFF0DDF00DDE77F /* LaunchScreen.storyboard */,
				CEC991001BFF0DDF00DDE77F /* Info.plist */,
			);
			path = "annoying-things";
			sourceTree = "<group>";
		};
		CEC991061BFF0FDA00DDE77F /* Controller */ = {
			isa = PBXGroup;
			children = (
				CEC990F61BFF0DDF00DDE77F /* ViewController.swift */,
				CE88D0DD1C0FF6480052DFAD /* FeedVC.swift */,
			);
			name = Controller;
			sourceTree = "<group>";
		};
		CEC991071BFF0FEC00DDE77F /* View */ = {
			isa = PBXGroup;
			children = (
				CEC991121BFF1ACB00DDE77F /* MaterialView.swift */,
				CE19EB7A1C0048530043B4E9 /* MaterialButton.swift */,
				CE19EB7C1C0058410043B4E9 /* MaterialTextField.swift */,
				CE88D0DF1C0FFBEB0052DFAD /* PostCell.swift */,
			);
			name = View;
			sourceTree = "<group>";
		};
		CEC991081BFF0FFD00DDE77F /* Model */ = {
			isa = PBXGroup;
			children = (
				CEC9D7EF1C16C1F200BAD6BD /* Post.swift */,
			);
			name = Model;
			sourceTree = "<group>";
		};
		CEC991091BFF100E00DDE77F /* Resources */ = {
			isa = PBXGroup;
			children = (
				CEC9910A1BFF107100DDE77F /* NotoSans-Bold.ttf */,
				CEC9910B1BFF107100DDE77F /* NotoSans-BoldItalic.ttf */,
				CEC9910C1BFF107100DDE77F /* NotoSans-Italic.ttf */,
				CEC9910D1BFF107100DDE77F /* NotoSans-Regular.ttf */,
			);
			name = Resources;
			sourceTree = "<group>";
		};
		CEC991141BFF1B6900DDE77F /* Util */ = {
			isa = PBXGroup;
			children = (
				CEC991151BFF1B8500DDE77F /* Constants.swift */,
			);
			name = Util;
			sourceTree = "<group>";
		};
		F1693F59362A1B6E7089DE26 /* Pods */ = {
			isa = PBXGroup;
			children = (
				C9F6A3E240B585CBC3F0BFDB /* Pods-annoying-things.debug.xcconfig */,
				FFB984E8EAAAB38E9AE989CC /* Pods-annoying-things.release.xcconfig */,
			);
			name = Pods;
			sourceTree = "<group>";
		};
/* End PBXGroup section */

/* Begin PBXNativeTarget section */
		CEC990F01BFF0DDF00DDE77F /* annoying-things */ = {
			isa = PBXNativeTarget;
			buildConfigurationList = CEC991031BFF0DDF00DDE77F /* Build configuration list for PBXNativeTarget "annoying-things" */;
			buildPhases = (
				511376DDD124AD4EF472F88A /* Check Pods Manifest.lock */,
				CEC990ED1BFF0DDF00DDE77F /* Sources */,
				CEC990EE1BFF0DDF00DDE77F /* Frameworks */,
				CEC990EF1BFF0DDF00DDE77F /* Resources */,
				4A53C9E6C412F26412184B6F /* Embed Pods Frameworks */,
				B78602621074AA7BB9425F8A /* Copy Pods Resources */,
			);
			buildRules = (
			);
			dependencies = (
			);
			name = "annoying-things";
			productName = "annoying-things";
			productReference = CEC990F11BFF0DDF00DDE77F /* annoying-things.app */;
			productType = "com.apple.product-type.application";
		};
/* End PBXNativeTarget section */

/* Begin PBXProject section */
		CEC990E91BFF0DDF00DDE77F /* Project object */ = {
			isa = PBXProject;
			attributes = {
				LastUpgradeCheck = 0700;
				ORGANIZATIONNAME = "Coder Vox";
				TargetAttributes = {
					CEC990F01BFF0DDF00DDE77F = {
						CreatedOnToolsVersion = 7.0;
					};
				};
			};
			buildConfigurationList = CEC990EC1BFF0DDF00DDE77F /* Build configuration list for PBXProject "annoying-things" */;
			compatibilityVersion = "Xcode 3.2";
			developmentRegion = English;
			hasScannedForEncodings = 0;
			knownRegions = (
				en,
				Base,
			);
			mainGroup = CEC990E81BFF0DDF00DDE77F;
			productRefGroup = CEC990F21BFF0DDF00DDE77F /* Products */;
			projectDirPath = "";
			projectRoot = "";
			targets = (
				CEC990F01BFF0DDF00DDE77F /* annoying-things */,
			);
		};
/* End PBXProject section */

/* Begin PBXResourcesBuildPhase section */
		CEC990EF1BFF0DDF00DDE77F /* Resources */ = {
			isa = PBXResourcesBuildPhase;
			buildActionMask = 2147483647;
			files = (
				CEC9910E1BFF107100DDE77F /* NotoSans-Bold.ttf in Resources */,
				CEC990FF1BFF0DDF00DDE77F /* LaunchScreen.storyboard in Resources */,
				CEC9910F1BFF107100DDE77F /* NotoSans-BoldItalic.ttf in Resources */,
				CEC991101BFF107100DDE77F /* NotoSans-Italic.ttf in Resources */,
				CEC990FC1BFF0DDF00DDE77F /* Assets.xcassets in Resources */,
				CEC990FA1BFF0DDF00DDE77F /* Main.storyboard in Resources */,
				CEC991111BFF107100DDE77F /* NotoSans-Regular.ttf in Resources */,
			);
			runOnlyForDeploymentPostprocessing = 0;
		};
/* End PBXResourcesBuildPhase section */

/* Begin PBXShellScriptBuildPhase section */
		4A53C9E6C412F26412184B6F /* Embed Pods Frameworks */ = {
			isa = PBXShellScriptBuildPhase;
			buildActionMask = 2147483647;
			files = (
			);
			inputPaths = (
			);
			name = "Embed Pods Frameworks";
			outputPaths = (
			);
			runOnlyForDeploymentPostprocessing = 0;
			shellPath = /bin/sh;
			shellScript = "\"${SRCROOT}/Pods/Target Support Files/Pods-annoying-things/Pods-annoying-things-frameworks.sh\"\n";
			showEnvVarsInLog = 0;
		};
		511376DDD124AD4EF472F88A /* Check Pods Manifest.lock */ = {
			isa = PBXShellScriptBuildPhase;
			buildActionMask = 2147483647;
			files = (
			);
			inputPaths = (
			);
			name = "Check Pods Manifest.lock";
			outputPaths = (
			);
			runOnlyForDeploymentPostprocessing = 0;
			shellPath = /bin/sh;
			shellScript = "diff \"${PODS_ROOT}/../Podfile.lock\" \"${PODS_ROOT}/Manifest.lock\" > /dev/null\nif [[ $? != 0 ]] ; then\n    cat << EOM\nerror: The sandbox is not in sync with the Podfile.lock. Run 'pod install' or update your CocoaPods installation.\nEOM\n    exit 1\nfi\n";
			showEnvVarsInLog = 0;
		};
		B78602621074AA7BB9425F8A /* Copy Pods Resources */ = {
			isa = PBXShellScriptBuildPhase;
			buildActionMask = 2147483647;
			files = (
			);
			inputPaths = (
			);
			name = "Copy Pods Resources";
			outputPaths = (
			);
			runOnlyForDeploymentPostprocessing = 0;
			shellPath = /bin/sh;
			shellScript = "\"${SRCROOT}/Pods/Target Support Files/Pods-annoying-things/Pods-annoying-things-resources.sh\"\n";
			showEnvVarsInLog = 0;
		};
/* End PBXShellScriptBuildPhase section */

/* Begin PBXSourcesBuildPhase section */
		CEC990ED1BFF0DDF00DDE77F /* Sources */ = {
			isa = PBXSourcesBuildPhase;
			buildActionMask = 2147483647;
			files = (
				CE19EB7D1C0058410043B4E9 /* MaterialTextField.swift in Sources */,
				CE29A8291C0A66CE00BAE87A /* DataService.swift in Sources */,
				CEC991131BFF1ACB00DDE77F /* MaterialView.swift in Sources */,
				CEC990F71BFF0DDF00DDE77F /* ViewController.swift in Sources */,
				CE88D0DE1C0FF6480052DFAD /* FeedVC.swift in Sources */,
				CE88D0E01C0FFBEB0052DFAD /* PostCell.swift in Sources */,
				CEC990F51BFF0DDF00DDE77F /* AppDelegate.swift in Sources */,
				CEC991161BFF1B8500DDE77F /* Constants.swift in Sources */,
				CE19EB7B1C0048530043B4E9 /* MaterialButton.swift in Sources */,
				CEC9D7F01C16C1F200BAD6BD /* Post.swift in Sources */,
			);
			runOnlyForDeploymentPostprocessing = 0;
		};
/* End PBXSourcesBuildPhase section */

/* Begin PBXVariantGroup section */
		CEC990F81BFF0DDF00DDE77F /* Main.storyboard */ = {
			isa = PBXVariantGroup;
			children = (
				CEC990F91BFF0DDF00DDE77F /* Base */,
			);
			name = Main.storyboard;
			sourceTree = "<group>";
		};
		CEC990FD1BFF0DDF00DDE77F /* LaunchScreen.storyboard */ = {
			isa = PBXVariantGroup;
			children = (
				CEC990FE1BFF0DDF00DDE77F /* Base */,
			);
			name = LaunchScreen.storyboard;
			sourceTree = "<group>";
		};
/* End PBXVariantGroup section */

/* Begin XCBuildConfiguration section */
		CEC991011BFF0DDF00DDE77F /* Debug */ = {
			isa = XCBuildConfiguration;
			buildSettings = {
				ALWAYS_SEARCH_USER_PATHS = NO;
				CLANG_CXX_LANGUAGE_STANDARD = "gnu++0x";
				CLANG_CXX_LIBRARY = "libc++";
				CLANG_ENABLE_MODULES = YES;
				CLANG_ENABLE_OBJC_ARC = YES;
				CLANG_WARN_BOOL_CONVERSION = YES;
				CLANG_WARN_CONSTANT_CONVERSION = YES;
				CLANG_WARN_DIRECT_OBJC_ISA_USAGE = YES_ERROR;
				CLANG_WARN_EMPTY_BODY = YES;
				CLANG_WARN_ENUM_CONVERSION = YES;
				CLANG_WARN_INT_CONVERSION = YES;
				CLANG_WARN_OBJC_ROOT_CLASS = YES_ERROR;
				CLANG_WARN_UNREACHABLE_CODE = YES;
				CLANG_WARN__DUPLICATE_METHOD_MATCH = YES;
				"CODE_SIGN_IDENTITY[sdk=iphoneos*]" = "iPhone Developer";
				COPY_PHASE_STRIP = NO;
				DEBUG_INFORMATION_FORMAT = dwarf;
				ENABLE_STRICT_OBJC_MSGSEND = YES;
				ENABLE_TESTABILITY = YES;
				GCC_C_LANGUAGE_STANDARD = gnu99;
				GCC_DYNAMIC_NO_PIC = NO;
				GCC_NO_COMMON_BLOCKS = YES;
				GCC_OPTIMIZATION_LEVEL = 0;
				GCC_PREPROCESSOR_DEFINITIONS = (
					"DEBUG=1",
					"$(inherited)",
				);
				GCC_WARN_64_TO_32_BIT_CONVERSION = YES;
				GCC_WARN_ABOUT_RETURN_TYPE = YES_ERROR;
				GCC_WARN_UNDECLARED_SELECTOR = YES;
				GCC_WARN_UNINITIALIZED_AUTOS = YES_AGGRESSIVE;
				GCC_WARN_UNUSED_FUNCTION = YES;
				GCC_WARN_UNUSED_VARIABLE = YES;
				IPHONEOS_DEPLOYMENT_TARGET = 9.0;
				MTL_ENABLE_DEBUG_INFO = YES;
				ONLY_ACTIVE_ARCH = YES;
				SDKROOT = iphoneos;
				SWIFT_OPTIMIZATION_LEVEL = "-Onone";
				TARGETED_DEVICE_FAMILY = "1,2";
			};
			name = Debug;
		};
		CEC991021BFF0DDF00DDE77F /* Release */ = {
			isa = XCBuildConfiguration;
			buildSettings = {
				ALWAYS_SEARCH_USER_PATHS = NO;
				CLANG_CXX_LANGUAGE_STANDARD = "gnu++0x";
				CLANG_CXX_LIBRARY = "libc++";
				CLANG_ENABLE_MODULES = YES;
				CLANG_ENABLE_OBJC_ARC = YES;
				CLANG_WARN_BOOL_CONVERSION = YES;
				CLANG_WARN_CONSTANT_CONVERSION = YES;
				CLANG_WARN_DIRECT_OBJC_ISA_USAGE = YES_ERROR;
				CLANG_WARN_EMPTY_BODY = YES;
				CLANG_WARN_ENUM_CONVERSION = YES;
				CLANG_WARN_INT_CONVERSION = YES;
				CLANG_WARN_OBJC_ROOT_CLASS = YES_ERROR;
				CLANG_WARN_UNREACHABLE_CODE = YES;
				CLANG_WARN__DUPLICATE_METHOD_MATCH = YES;
				"CODE_SIGN_IDENTITY[sdk=iphoneos*]" = "iPhone Developer";
				COPY_PHASE_STRIP = NO;
				DEBUG_INFORMATION_FORMAT = "dwarf-with-dsym";
				ENABLE_NS_ASSERTIONS = NO;
				ENABLE_STRICT_OBJC_MSGSEND = YES;
				GCC_C_LANGUAGE_STANDARD = gnu99;
				GCC_NO_COMMON_BLOCKS = YES;
				GCC_WARN_64_TO_32_BIT_CONVERSION = YES;
				GCC_WARN_ABOUT_RETURN_TYPE = YES_ERROR;
				GCC_WARN_UNDECLARED_SELECTOR = YES;
				GCC_WARN_UNINITIALIZED_AUTOS = YES_AGGRESSIVE;
				GCC_WARN_UNUSED_FUNCTION = YES;
				GCC_WARN_UNUSED_VARIABLE = YES;
				IPHONEOS_DEPLOYMENT_TARGET = 9.0;
				MTL_ENABLE_DEBUG_INFO = NO;
				SDKROOT = iphoneos;
				TARGETED_DEVICE_FAMILY = "1,2";
				VALIDATE_PRODUCT = YES;
			};
			name = Release;
		};
		CEC991041BFF0DDF00DDE77F /* Debug */ = {
			isa = XCBuildConfiguration;
			baseConfigurationReference = C9F6A3E240B585CBC3F0BFDB /* Pods-annoying-things.debug.xcconfig */;
			buildSettings = {
				ASSETCATALOG_COMPILER_APPICON_NAME = AppIcon;
				ENABLE_BITCODE = NO;
				FRAMEWORK_SEARCH_PATHS = (
					"$(inherited)",
					"$(PROJECT_DIR)/annoying-things",
				);
				INFOPLIST_FILE = "annoying-things/Info.plist";
				LD_RUNPATH_SEARCH_PATHS = "$(inherited) @executable_path/Frameworks";
				PRODUCT_BUNDLE_IDENTIFIER = "com.codervox.annoying-things";
				PRODUCT_NAME = "$(TARGET_NAME)";
			};
			name = Debug;
		};
		CEC991051BFF0DDF00DDE77F /* Release */ = {
			isa = XCBuildConfiguration;
			baseConfigurationReference = FFB984E8EAAAB38E9AE989CC /* Pods-annoying-things.release.xcconfig */;
			buildSettings = {
				ASSETCATALOG_COMPILER_APPICON_NAME = AppIcon;
				ENABLE_BITCODE = NO;
				FRAMEWORK_SEARCH_PATHS = (
					"$(inherited)",
					"$(PROJECT_DIR)/annoying-things",
				);
				INFOPLIST_FILE = "annoying-things/Info.plist";
				LD_RUNPATH_SEARCH_PATHS = "$(inherited) @executable_path/Frameworks";
				PRODUCT_BUNDLE_IDENTIFIER = "com.codervox.annoying-things";
				PRODUCT_NAME = "$(TARGET_NAME)";
			};
			name = Release;
		};
/* End XCBuildConfiguration section */

/* Begin XCConfigurationList section */
		CEC990EC1BFF0DDF00DDE77F /* Build configuration list for PBXProject "annoying-things" */ = {
			isa = XCConfigurationList;
			buildConfigurations = (
				CEC991011BFF0DDF00DDE77F /* Debug */,
				CEC991021BFF0DDF00DDE77F /* Release */,
			);
			defaultConfigurationIsVisible = 0;
			defaultConfigurationName = Release;
		};
		CEC991031BFF0DDF00DDE77F /* Build configuration list for PBXNativeTarget "annoying-things" */ = {
			isa = XCConfigurationList;
			buildConfigurations = (
				CEC991041BFF0DDF00DDE77F /* Debug */,
				CEC991051BFF0DDF00DDE77F /* Release */,
			);
			defaultConfigurationIsVisible = 0;
			defaultConfigurationName = Release;
		};
/* End XCConfigurationList section */
	};
	rootObject = CEC990E91BFF0DDF00DDE77F /* Project object */;
}
