// !$*UTF8*$!
{
	archiveVersion = 1;
	classes = {
	};
	objectVersion = 46;
	objects = {

/* Begin PBXBuildFile section */
		CEC990F51BFF0DDF00DDE77F /* AppDelegate.swift in Sources */ = {isa = PBXBuildFile; fileRef = CEC990F41BFF0DDF00DDE77F /* AppDelegate.swift */; };
		CEC990F71BFF0DDF00DDE77F /* ViewController.swift in Sources */ = {isa = PBXBuildFile; fileRef = CEC990F61BFF0DDF00DDE77F /* ViewController.swift */; };
		CEC990FA1BFF0DDF00DDE77F /* Main.storyboard in Resources */ = {isa = PBXBuildFile; fileRef = CEC990F81BFF0DDF00DDE77F /* Main.storyboard */; };
		CEC990FC1BFF0DDF00DDE77F /* Assets.xcassets in Resources */ = {isa = PBXBuildFile; fileRef = CEC990FB1BFF0DDF00DDE77F /* Assets.xcassets */; };
		CEC990FF1BFF0DDF00DDE77F /* LaunchScreen.storyboard in Resources */ = {isa = PBXBuildFile; fileRef = CEC990FD1BFF0DDF00DDE77F /* LaunchScreen.storyboard */; };
/* End PBXBuildFile section */

/* Begin PBXFileReference section */
		CEC990F11BFF0DDF00DDE77F /* annoying-things.app */ = {isa = PBXFileReference; explicitFileType = wrapper.application; includeInIndex = 0; path = "annoying-things.app"; sourceTree = BUILT_PRODUCTS_DIR; };
		CEC990F41BFF0DDF00DDE77F /* AppDelegate.swift */ = {isa = PBXFileReference; lastKnownFileType = sourcecode.swift; path = AppDelegate.swift; sourceTree = "<group>"; };
		CEC990F61BFF0DDF00DDE77F /* ViewController.swift */ = {isa = PBXFileReference; lastKnownFileType = sourcecode.swift; path = ViewController.swift; sourceTree = "<group>"; };
		CEC990F91BFF0DDF00DDE77F /* Base */ = {isa = PBXFileReference; lastKnownFileType = file.storyboard; name = Base; path = Base.lproj/Main.storyboard; sourceTree = "<group>"; };
		CEC990FB1BFF0DDF00DDE77F /* Assets.xcassets */ = {isa = PBXFileReference; lastKnownFileType = folder.assetcatalog; path = Assets.xcassets; sourceTree = "<group>"; };
		CEC990FE1BFF0DDF00DDE77F /* Base */ = {isa = PBXFileReference; lastKnownFileType = file.storyboard; name = Base; path = Base.lproj/LaunchScreen.storyboard; sourceTree = "<group>"; };
		CEC991001BFF0DDF00DDE77F /* Info.plist */ = {isa = PBXFileReference; lastKnownFileType = text.plist.xml; path = Info.plist; sourceTree = "<group>"; };
/* End PBXFileReference section */

/* Begin PBXFrameworksBuildPhase section */
		CEC990EE1BFF0DDF00DDE77F /* Frameworks */ = {
			isa = PBXFrameworksBuildPhase;
			buildActionMask = 2147483647;
			files = (
			);
			runOnlyForDeploymentPostprocessing = 0;
		};
/* End PBXFrameworksBuildPhase section */

/* Begin PBXGroup section */
		CEC990E81BFF0DDF00DDE77F = {
			isa = PBXGroup;
			children = (
				CEC990F31BFF0DDF00DDE77F /* annoying-things */,
				CEC990F21BFF0DDF00DDE77F /* Products */,
			);
			sourceTree = "<group>";
		};
		CEC990F21BFF0DDF00DDE77F /* Products */ = {
			isa = PBXGroup;
			children = (
				CEC990F11BFF0DDF00DDE77F /* annoying-things.app */,
			);
			name = Products;
			sourceTree = "<group>";
		};
		CEC990F31BFF0DDF00DDE77F /* annoying-things */ = {
			isa = PBXGroup;
			children = (
				CEC990F41BFF0DDF00DDE77F /* AppDelegate.swift */,
				CEC990F61BFF0DDF00DDE77F /* ViewController.swift */,
				CEC990F81BFF0DDF00DDE77F /* Main.storyboard */,
				CEC990FB1BFF0DDF00DDE77F /* Assets.xcassets */,
				CEC990FD1BFF0DDF00DDE77F /* LaunchScreen.storyboard */,
				CEC991001BFF0DDF00DDE77F /* Info.plist */,
			);
			path = "annoying-things";
			sourceTree = "<group>";
		};
/* End PBXGroup section */

/* Begin PBXNativeTarget section */
		CEC990F01BFF0DDF00DDE77F /* annoying-things */ = {
			isa = PBXNativeTarget;
			buildConfigurationList = CEC991031BFF0DDF00DDE77F /* Build configuration list for PBXNativeTarget "annoying-things" */;
			buildPhases = (
				CEC990ED1BFF0DDF00DDE77F /* Sources */,
				CEC990EE1BFF0DDF00DDE77F /* Frameworks */,
				CEC990EF1BFF0DDF00DDE77F /* Resources */,
			);
			buildRules = (
			);
			dependencies = (
			);
			name = "annoying-things";
			productName = "annoying-things";
			productReference = CEC990F11BFF0DDF00DDE77F /* annoying-things.app */;
			productType = "com.apple.product-type.application";
		};
/* End PBXNativeTarget section */

/* Begin PBXProject section */
		CEC990E91BFF0DDF00DDE77F /* Project object */ = {
			isa = PBXProject;
			attributes = {
				LastUpgradeCheck = 0700;
				ORGANIZATIONNAME = "Coder Vox";
				TargetAttributes = {
					CEC990F01BFF0DDF00DDE77F = {
						CreatedOnToolsVersion = 7.0;
					};
				};
			};
			buildConfigurationList = CEC990EC1BFF0DDF00DDE77F /* Build configuration list for PBXProject "annoying-things" */;
			compatibilityVersion = "Xcode 3.2";
			developmentRegion = English;
			hasScannedForEncodings = 0;
			knownRegions = (
				en,
				Base,
			);
			mainGroup = CEC990E81BFF0DDF00DDE77F;
			productRefGroup = CEC990F21BFF0DDF00DDE77F /* Products */;
			projectDirPath = "";
			projectRoot = "";
			targets = (
				CEC990F01BFF0DDF00DDE77F /* annoying-things */,
			);
		};
/* End PBXProject section */

/* Begin PBXResourcesBuildPhase section */
		CEC990EF1BFF0DDF00DDE77F /* Resources */ = {
			isa = PBXResourcesBuildPhase;
			buildActionMask = 2147483647;
			files = (
				CEC990FF1BFF0DDF00DDE77F /* LaunchScreen.storyboard in Resources */,
				CEC990FC1BFF0DDF00DDE77F /* Assets.xcassets in Resources */,
				CEC990FA1BFF0DDF00DDE77F /* Main.storyboard in Resources */,
			);
			runOnlyForDeploymentPostprocessing = 0;
		};
/* End PBXResourcesBuildPhase section */

/* Begin PBXSourcesBuildPhase section */
		CEC990ED1BFF0DDF00DDE77F /* Sources */ = {
			isa = PBXSourcesBuildPhase;
			buildActionMask = 2147483647;
			files = (
				CEC990F71BFF0DDF00DDE77F /* ViewController.swift in Sources */,
				CEC990F51BFF0DDF00DDE77F /* AppDelegate.swift in Sources */,
			);
			runOnlyForDeploymentPostprocessing = 0;
		};
/* End PBXSourcesBuildPhase section */

/* Begin PBXVariantGroup section */
		CEC990F81BFF0DDF00DDE77F /* Main.storyboard */ = {
			isa = PBXVariantGroup;
			children = (
				CEC990F91BFF0DDF00DDE77F /* Base */,
			);
			name = Main.storyboard;
			sourceTree = "<group>";
		};
		CEC990FD1BFF0DDF00DDE77F /* LaunchScreen.storyboard */ = {
			isa = PBXVariantGroup;
			children = (
				CEC990FE1BFF0DDF00DDE77F /* Base */,
			);
			name = LaunchScreen.storyboard;
			sourceTree = "<group>";
		};
/* End PBXVariantGroup section */

/* Begin XCBuildConfiguration section */
		CEC991011BFF0DDF00DDE77F /* Debug */ = {
			isa = XCBuildConfiguration;
			buildSettings = {
				ALWAYS_SEARCH_USER_PATHS = NO;
				CLANG_CXX_LANGUAGE_STANDARD = "gnu++0x";
				CLANG_CXX_LIBRARY = "libc++";
				CLANG_ENABLE_MODULES = YES;
				CLANG_ENABLE_OBJC_ARC = YES;
				CLANG_WARN_BOOL_CONVERSION = YES;
				CLANG_WARN_CONSTANT_CONVERSION = YES;
				CLANG_WARN_DIRECT_OBJC_ISA_USAGE = YES_ERROR;
				CLANG_WARN_EMPTY_BODY = YES;
				CLANG_WARN_ENUM_CONVERSION = YES;
				CLANG_WARN_INT_CONVERSION = YES;
				CLANG_WARN_OBJC_ROOT_CLASS = YES_ERROR;
				CLANG_WARN_UNREACHABLE_CODE = YES;
				CLANG_WARN__DUPLICATE_METHOD_MATCH = YES;
				"CODE_SIGN_IDENTITY[sdk=iphoneos*]" = "iPhone Developer";
				COPY_PHASE_STRIP = NO;
				DEBUG_INFORMATION_FORMAT = dwarf;
				ENABLE_STRICT_OBJC_MSGSEND = YES;
				ENABLE_TESTABILITY = YES;
				GCC_C_LANGUAGE_STANDARD = gnu99;
				GCC_DYNAMIC_NO_PIC = NO;
				GCC_NO_COMMON_BLOCKS = YES;
				GCC_OPTIMIZATION_LEVEL = 0;
				GCC_PREPROCESSOR_DEFINITIONS = (
					"DEBUG=1",
					"$(inherited)",
				);
				GCC_WARN_64_TO_32_BIT_CONVERSION = YES;
				GCC_WARN_ABOUT_RETURN_TYPE = YES_ERROR;
				GCC_WARN_UNDECLARED_SELECTOR = YES;
				GCC_WARN_UNINITIALIZED_AUTOS = YES_AGGRESSIVE;
				GCC_WARN_UNUSED_FUNCTION = YES;
				GCC_WARN_UNUSED_VARIABLE = YES;
				IPHONEOS_DEPLOYMENT_TARGET = 9.0;
				MTL_ENABLE_DEBUG_INFO = YES;
				ONLY_ACTIVE_ARCH = YES;
				SDKROOT = iphoneos;
				SWIFT_OPTIMIZATION_LEVEL = "-Onone";
				TARGETED_DEVICE_FAMILY = "1,2";
			};
			name = Debug;
		};
		CEC991021BFF0DDF00DDE77F /* Release */ = {
			isa = XCBuildConfiguration;
			buildSettings = {
				ALWAYS_SEARCH_USER_PATHS = NO;
				CLANG_CXX_LANGUAGE_STANDARD = "gnu++0x";
				CLANG_CXX_LIBRARY = "libc++";
				CLANG_ENABLE_MODULES = YES;
				CLANG_ENABLE_OBJC_ARC = YES;
				CLANG_WARN_BOOL_CONVERSION = YES;
				CLANG_WARN_CONSTANT_CONVERSION = YES;
				CLANG_WARN_DIRECT_OBJC_ISA_USAGE = YES_ERROR;
				CLANG_WARN_EMPTY_BODY = YES;
				CLANG_WARN_ENUM_CONVERSION = YES;
				CLANG_WARN_INT_CONVERSION = YES;
				CLANG_WARN_OBJC_ROOT_CLASS = YES_ERROR;
				CLANG_WARN_UNREACHABLE_CODE = YES;
				CLANG_WARN__DUPLICATE_METHOD_MATCH = YES;
				"CODE_SIGN_IDENTITY[sdk=iphoneos*]" = "iPhone Developer";
				COPY_PHASE_STRIP = NO;
				DEBUG_INFORMATION_FORMAT = "dwarf-with-dsym";
				ENABLE_NS_ASSERTIONS = NO;
				ENABLE_STRICT_OBJC_MSGSEND = YES;
				GCC_C_LANGUAGE_STANDARD = gnu99;
				GCC_NO_COMMON_BLOCKS = YES;
				GCC_WARN_64_TO_32_BIT_CONVERSION = YES;
				GCC_WARN_ABOUT_RETURN_TYPE = YES_ERROR;
				GCC_WARN_UNDECLARED_SELECTOR = YES;
				GCC_WARN_UNINITIALIZED_AUTOS = YES_AGGRESSIVE;
				GCC_WARN_UNUSED_FUNCTION = YES;
				GCC_WARN_UNUSED_VARIABLE = YES;
				IPHONEOS_DEPLOYMENT_TARGET = 9.0;
				MTL_ENABLE_DEBUG_INFO = NO;
				SDKROOT = iphoneos;
				TARGETED_DEVICE_FAMILY = "1,2";
				VALIDATE_PRODUCT = YES;
			};
			name = Release;
		};
		CEC991041BFF0DDF00DDE77F /* Debug */ = {
			isa = XCBuildConfiguration;
			buildSettings = {
				ASSETCATALOG_COMPILER_APPICON_NAME = AppIcon;
				INFOPLIST_FILE = "annoying-things/Info.plist";
				LD_RUNPATH_SEARCH_PATHS = "$(inherited) @executable_path/Frameworks";
				PRODUCT_BUNDLE_IDENTIFIER = "com.codervox.annoying-things";
				PRODUCT_NAME = "$(TARGET_NAME)";
			};
			name = Debug;
		};
		CEC991051BFF0DDF00DDE77F /* Release */ = {
			isa = XCBuildConfiguration;
			buildSettings = {
				ASSETCATALOG_COMPILER_APPICON_NAME = AppIcon;
				INFOPLIST_FILE = "annoying-things/Info.plist";
				LD_RUNPATH_SEARCH_PATHS = "$(inherited) @executable_path/Frameworks";
				PRODUCT_BUNDLE_IDENTIFIER = "com.codervox.annoying-things";
				PRODUCT_NAME = "$(TARGET_NAME)";
			};
			name = Release;
		};
/* End XCBuildConfiguration section */

/* Begin XCConfigurationList section */
		CEC990EC1BFF0DDF00DDE77F /* Build configuration list for PBXProject "annoying-things" */ = {
			isa = XCConfigurationList;
			buildConfigurations = (
				CEC991011BFF0DDF00DDE77F /* Debug */,
				CEC991021BFF0DDF00DDE77F /* Release */,
			);
			defaultConfigurationIsVisible = 0;
			defaultConfigurationName = Release;
		};
		CEC991031BFF0DDF00DDE77F /* Build configuration list for PBXNativeTarget "annoying-things" */ = {
			isa = XCConfigurationList;
			buildConfigurations = (
				CEC991041BFF0DDF00DDE77F /* Debug */,
				CEC991051BFF0DDF00DDE77F /* Release */,
			);
			defaultConfigurationIsVisible = 0;
		};
/* End XCConfigurationList section */
	};
	rootObject = CEC990E91BFF0DDF00DDE77F /* Project object */;
}
